
Microsoft Visual Studio Solution File, Format Version 12.00
# Visual Studio 15
VisualStudioVersion = 15.0.28010.2046
MinimumVisualStudioVersion = 10.0.40219.1
Project("{FAE04EC0-301F-11D3-BF4B-00C04F79EFBC}") = "Veterinaria", "Veterinaria\Veterinaria.csproj", "{F97C3C73-8AB9-444D-A4D5-3341B8F9CEB9}"
EndProject
Global
	GlobalSection(SolutionConfigurationPlatforms) = preSolution
		Debug|Any CPU = Debug|Any CPU
		Release|Any CPU = Release|Any CPU
	EndGlobalSection
	GlobalSection(ProjectConfigurationPlatforms) = postSolution
		{F97C3C73-8AB9-444D-A4D5-3341B8F9CEB9}.Debug|Any CPU.ActiveCfg = Debug|Any CPU
		{F97C3C73-8AB9-444D-A4D5-3341B8F9CEB9}.Debug|Any CPU.Build.0 = Debug|Any CPU
		{F97C3C73-8AB9-444D-A4D5-3341B8F9CEB9}.Release|Any CPU.ActiveCfg = Release|Any CPU
		{F97C3C73-8AB9-444D-A4D5-3341B8F9CEB9}.Release|Any CPU.Build.0 = Release|Any CPU
	EndGlobalSection
	GlobalSection(SolutionProperties) = preSolution
		HideSolutionNode = FALSE
	EndGlobalSection
	GlobalSection(ExtensibilityGlobals) = postSolution
		SolutionGuid = {B0E3C39A-61A0-4EBF-877C-562D67F6F118}
	EndGlobalSection
EndGlobal
